
Microsoft Visual Studio Solution File, Format Version 12.00
# Visual Studio Version 18
VisualStudioVersion = 18.2.11408.102 d18.0
MinimumVisualStudioVersion = 10.0.40219.1
Project("{9A19103F-16F7-4668-BE54-9A1E7A4F7556}") = "MiddleMan.Web", "MiddleMan.Web\MiddleMan.Web.csproj", "{B8D4358B-E8E0-4911-9605-33989E938A31}"
EndProject
Project("{9A19103F-16F7-4668-BE54-9A1E7A4F7556}") = "MiddleMan.Core", "MiddleMan.Core\MiddleMan.Core.csproj", "{F55332CC-C124-47A5-8DEE-28DE08261BF9}"
EndProject
Project("{9A19103F-16F7-4668-BE54-9A1E7A4F7556}") = "MiddleMan.Service", "MiddleMan.Service\MiddleMan.Service.csproj", "{BA3A2D21-47D9-465E-BAB5-68AE1033021E}"
EndProject
Project("{FAE04EC0-301F-11D3-BF4B-00C04F79EFBC}") = "MiddleMan.Data", "MiddleMan.Data\MiddleMan.Data.csproj", "{8B443B58-A498-4C92-8383-6E2EEEEB922D}"
EndProject
Project("{2150E333-8FDC-42A3-9474-1A3956D46DE8}") = "Solution Items", "Solution Items", "{8EC462FD-D22E-90A8-E5CE-7E832BA40C5D}"
	ProjectSection(SolutionItems) = preProject
		.env = .env
		.gitignore = .gitignore
		deploy_current.ps1 = deploy_current.ps1
		docker-compose.yaml = docker-compose.yaml
		Dockerfile = Dockerfile
	EndProjectSection
EndProject
Global
	GlobalSection(SolutionConfigurationPlatforms) = preSolution
		Debug|Any CPU = Debug|Any CPU
		Release|Any CPU = Release|Any CPU
	EndGlobalSection
	GlobalSection(ProjectConfigurationPlatforms) = postSolution
		{B8D4358B-E8E0-4911-9605-33989E938A31}.Debug|Any CPU.ActiveCfg = Debug|Any CPU
		{B8D4358B-E8E0-4911-9605-33989E938A31}.Debug|Any CPU.Build.0 = Debug|Any CPU
		{B8D4358B-E8E0-4911-9605-33989E938A31}.Release|Any CPU.ActiveCfg = Release|Any CPU
		{B8D4358B-E8E0-4911-9605-33989E938A31}.Release|Any CPU.Build.0 = Release|Any CPU
		{F55332CC-C124-47A5-8DEE-28DE08261BF9}.Debug|Any CPU.ActiveCfg = Debug|Any CPU
		{F55332CC-C124-47A5-8DEE-28DE08261BF9}.Debug|Any CPU.Build.0 = Debug|Any CPU
		{F55332CC-C124-47A5-8DEE-28DE08261BF9}.Release|Any CPU.ActiveCfg = Release|Any CPU
		{F55332CC-C124-47A5-8DEE-28DE08261BF9}.Release|Any CPU.Build.0 = Release|Any CPU
		{BA3A2D21-47D9-465E-BAB5-68AE1033021E}.Debug|Any CPU.ActiveCfg = Debug|Any CPU
		{BA3A2D21-47D9-465E-BAB5-68AE1033021E}.Debug|Any CPU.Build.0 = Debug|Any CPU
		{BA3A2D21-47D9-465E-BAB5-68AE1033021E}.Release|Any CPU.ActiveCfg = Release|Any CPU
		{BA3A2D21-47D9-465E-BAB5-68AE1033021E}.Release|Any CPU.Build.0 = Release|Any CPU
		{8B443B58-A498-4C92-8383-6E2EEEEB922D}.Debug|Any CPU.ActiveCfg = Debug|Any CPU
		{8B443B58-A498-4C92-8383-6E2EEEEB922D}.Debug|Any CPU.Build.0 = Debug|Any CPU
		{8B443B58-A498-4C92-8383-6E2EEEEB922D}.Release|Any CPU.ActiveCfg = Release|Any CPU
		{8B443B58-A498-4C92-8383-6E2EEEEB922D}.Release|Any CPU.Build.0 = Release|Any CPU
	EndGlobalSection
	GlobalSection(SolutionProperties) = preSolution
		HideSolutionNode = FALSE
	EndGlobalSection
	GlobalSection(ExtensibilityGlobals) = postSolution
		SolutionGuid = {E052E94A-132E-499B-833E-9658C15863E7}
	EndGlobalSection
EndGlobal
